
Microsoft Visual Studio Solution File, Format Version 12.00
# Visual Studio Version 17
VisualStudioVersion = 17.9.34616.47
MinimumVisualStudioVersion = 10.0.40219.1
Project("{FAE04EC0-301F-11D3-BF4B-00C04F79EFBC}") = "WebApplication", "WebApplication\WebApplication.csproj", "{7BB2E44D-614E-405C-B5F8-9BB59478D4CE}"
EndProject
Global
	GlobalSection(SolutionConfigurationPlatforms) = preSolution
		Debug|Any CPU = Debug|Any CPU
		Release|Any CPU = Release|Any CPU
	EndGlobalSection
	GlobalSection(ProjectConfigurationPlatforms) = postSolution
		{7BB2E44D-614E-405C-B5F8-9BB59478D4CE}.Debug|Any CPU.ActiveCfg = Debug|Any CPU
		{7BB2E44D-614E-405C-B5F8-9BB59478D4CE}.Debug|Any CPU.Build.0 = Debug|Any CPU
		{7BB2E44D-614E-405C-B5F8-9BB59478D4CE}.Release|Any CPU.ActiveCfg = Release|Any CPU
		{7BB2E44D-614E-405C-B5F8-9BB59478D4CE}.Release|Any CPU.Build.0 = Release|Any CPU
	EndGlobalSection
	GlobalSection(SolutionProperties) = preSolution
		HideSolutionNode = FALSE
	EndGlobalSection
	GlobalSection(ExtensibilityGlobals) = postSolution
		SolutionGuid = {BAA811AF-9ED9-4AA2-8F93-D359F6CDF342}
	EndGlobalSection
EndGlobal
